{
  "name": "dependabot_20260608-1084-49038n",
  "lockfileVersion": 2,
  "requires": true,
  "packages": {
    "": {
      "devDependencies": {
        "@types/node": "^11.11.4",
        "protobufjs": "^7.5.8",
        "typescript": "^3.3.4000"
      }
    },
    "node_modules/@protobufjs/aspromise": {
      "version": "1.1.2",
      "resolved": "https://registry.npmjs.org/@protobufjs/aspromise/-/aspromise-1.1.2.tgz",
      "integrity": "sha1-m4sMxmPWaafY9vXQiToU00jzD78=",
      "dev": true
    },
    "node_modules/@protobufjs/base64": {
      "version": "1.1.2",
      "resolved": "https://registry.npmjs.org/@protobufjs/base64/-/base64-1.1.2.tgz",
      "integrity": "sha512-AZkcAA5vnN/v4PDqKyMR5lx7hZttPDgClv83E//FMNhR2TMcLUhfRUBHCmSl0oi9zMgDDqRUJkSxO3wm85+XLg==",
      "dev": true
    },
    "node_modules/@protobufjs/codegen": {
      "version": "2.0.5",
      "resolved": "https://registry.npmjs.org/@protobufjs/codegen/-/codegen-2.0.5.tgz",
      "integrity": "sha512-zgXFLzW3Ap33e6d0Wlj4MGIm6Ce8O89n/apUaGNB/jx+hw+ruWEp7EwGUshdLKVRCxZW12fp9r40E1mQrf/34g==",
      "dev": true
    },
    "node_modules/@protobufjs/eventemitter": {
      "version": "1.1.0",
      "resolved": "https://registry.npmjs.org/@protobufjs/eventemitter/-/eventemitter-1.1.0.tgz",
      "integrity": "sha1-NVy8mLr61ZePntCV85diHx0Ga3A=",
      "dev": true
    },
    "node_modules/@protobufjs/fetch": {
      "version": "1.1.0",
      "resolved": "https://registry.npmjs.org/@protobufjs/fetch/-/fetch-1.1.0.tgz",
      "integrity": "sha1-upn7WYYUr2VwDBYZ/wbUVLDYTEU=",
      "dev": true,
      "dependencies": {
        "@protobufjs/aspromise": "^1.1.1",
        "@protobufjs/inquire": "^1.1.0"
      }
    },
    "node_modules/@protobufjs/float": {
      "version": "1.0.2",
      "resolved": "https://registry.npmjs.org/@protobufjs/float/-/float-1.0.2.tgz",
      "integrity": "sha1-Xp4avctz/Ap8uLKR33jIy9l7h9E=",
      "dev": true
    },
    "node_modules/@protobufjs/inquire": {
      "version": "1.1.2",
      "resolved": "https://registry.npmjs.org/@protobufjs/inquire/-/inquire-1.1.2.tgz",
      "integrity": "sha512-pa0vFRuws4wkvaXKK1uXZMAwAX4/t8ANaJo45iw/oQHNQ9q5xUzwgFmVJGXiga2BeN+zpX7Vf9vmsiIa2J+MUw==",
      "dev": true
    },
    "node_modules/@protobufjs/path": {
      "version": "1.1.2",
      "resolved": "https://registry.npmjs.org/@protobufjs/path/-/path-1.1.2.tgz",
      "integrity": "sha1-bMKyDFya1q0NzP0hynZz2Nf79o0=",
      "dev": true
    },
    "node_modules/@protobufjs/pool": {
      "version": "1.1.0",
      "resolved": "https://registry.npmjs.org/@protobufjs/pool/-/pool-1.1.0.tgz",
      "integrity": "sha1-Cf0V8tbTq/qbZbw2ZQbWrXhG/1Q=",
      "dev": true
    },
    "node_modules/@protobufjs/utf8": {
      "version": "1.1.1",
      "resolved": "https://registry.npmjs.org/@protobufjs/utf8/-/utf8-1.1.1.tgz",
      "integrity": "sha512-oOAWABowe8EAbMyWKM0tYDKi8Yaox52D+HWZhAIJqQXbqe0xI/GV7FhLWqlEKreMkfDjshR5FKgi3mnle0h6Eg==",
      "dev": true
    },
    "node_modules/@types/node": {
      "version": "11.11.4",
      "resolved": "https://registry.npmjs.org/@types/node/-/node-11.11.4.tgz",
      "integrity": "sha512-02tIL+QIi/RW4E5xILdoAMjeJ9kYq5t5S2vciUdFPXv/ikFTb0zK8q9vXkg4+WAJuYXGiVT1H28AkD2C+IkXVw==",
      "dev": true
    },
    "node_modules/long": {
      "version": "5.3.2",
      "resolved": "https://registry.npmjs.org/long/-/long-5.3.2.tgz",
      "integrity": "sha512-mNAgZ1GmyNhD7AuqnTG3/VQ26o760+ZYBPKjPvugO8+nLbYfX6TVpJPseBvopbdY+qpZ/lKUnmEc1LeZYS3QAA==",
      "dev": true
    },
    "node_modules/protobufjs": {
      "version": "7.5.8",
      "resolved": "https://registry.npmjs.org/protobufjs/-/protobufjs-7.5.8.tgz",
      "integrity": "sha512-dvpCIeLPbXZS/Ete7yLaO7RenOdken2NHKykBXbsaGxZT0UTltcarBciw+A78SRQs9iMAAVpsYA+l8b1hTePIA==",
      "dev": true,
      "hasInstallScript": true,
      "dependencies": {
        "@protobufjs/aspromise": "^1.1.2",
        "@protobufjs/base64": "^1.1.2",
        "@protobufjs/codegen": "^2.0.5",
        "@protobufjs/eventemitter": "^1.1.0",
        "@protobufjs/fetch": "^1.1.0",
        "@protobufjs/float": "^1.0.2",
        "@protobufjs/inquire": "^1.1.1",
        "@protobufjs/path": "^1.1.2",
        "@protobufjs/pool": "^1.1.0",
        "@protobufjs/utf8": "^1.1.1",
        "@types/node": ">=13.7.0",
        "long": "^5.0.0"
      },
      "engines": {
        "node": ">=12.0.0"
      }
    },
    "node_modules/protobufjs/node_modules/@types/node": {
      "version": "25.9.2",
      "resolved": "https://registry.npmjs.org/@types/node/-/node-25.9.2.tgz",
      "integrity": "sha512-G05zqtJhcDLb8uslf5EjCxXg9G1KQxiV8OS0R26IC//Eoyitzqe8z37I7cqvnZlrlSfgocQRfSn/AHBZJJFyGw==",
      "dev": true,
      "dependencies": {
        "undici-types": ">=7.24.0 <7.24.7"
      }
    },
    "node_modules/typescript": {
      "version": "3.3.4000",
      "resolved": "https://registry.npmjs.org/typescript/-/typescript-3.3.4000.tgz",
      "integrity": "sha512-jjOcCZvpkl2+z7JFn0yBOoLQyLoIkNZAs/fYJkUG6VKy6zLPHJGfQJYFHzibB6GJaF/8QrcECtlQ5cpvRHSMEA==",
      "dev": true,
      "bin": {
        "tsc": "bin/tsc",
        "tsserver": "bin/tsserver"
      },
      "engines": {
        "node": ">=4.2.0"
      }
    },
    "node_modules/undici-types": {
      "version": "7.24.6",
      "resolved": "https://registry.npmjs.org/undici-types/-/undici-types-7.24.6.tgz",
      "integrity": "sha512-WRNW+sJgj5OBN4/0JpHFqtqzhpbnV0GuB+OozA9gCL7a993SmU+1JBZCzLNxYsbMfIeDL+lTsphD5jN5N+n0zg==",
      "dev": true
    }
  },
  "dependencies": {
    "@protobufjs/aspromise": {
      "version": "1.1.2",
      "resolved": "https://registry.npmjs.org/@protobufjs/aspromise/-/aspromise-1.1.2.tgz",
      "integrity": "sha1-m4sMxmPWaafY9vXQiToU00jzD78=",
      "dev": true
    },
    "@protobufjs/base64": {
      "version": "1.1.2",
      "resolved": "https://registry.npmjs.org/@protobufjs/base64/-/base64-1.1.2.tgz",
      "integrity": "sha512-AZkcAA5vnN/v4PDqKyMR5lx7hZttPDgClv83E//FMNhR2TMcLUhfRUBHCmSl0oi9zMgDDqRUJkSxO3wm85+XLg==",
      "dev": true
    },
    "@protobufjs/codegen": {
      "version": "2.0.5",
      "resolved": "https://registry.npmjs.org/@protobufjs/codegen/-/codegen-2.0.5.tgz",
      "integrity": "sha512-zgXFLzW3Ap33e6d0Wlj4MGIm6Ce8O89n/apUaGNB/jx+hw+ruWEp7EwGUshdLKVRCxZW12fp9r40E1mQrf/34g==",
      "dev": true
    },
    "@protobufjs/eventemitter": {
      "version": "1.1.0",
      "resolved": "https://registry.npmjs.org/@protobufjs/eventemitter/-/eventemitter-1.1.0.tgz",
      "integrity": "sha1-NVy8mLr61ZePntCV85diHx0Ga3A=",
      "dev": true
    },
    "@protobufjs/fetch": {
      "version": "1.1.0",
      "resolved": "https://registry.npmjs.org/@protobufjs/fetch/-/fetch-1.1.0.tgz",
      "integrity": "sha1-upn7WYYUr2VwDBYZ/wbUVLDYTEU=",
      "dev": true,
      "requires": {
        "@protobufjs/aspromise": "^1.1.1",
        "@protobufjs/inquire": "^1.1.0"
      }
    },
    "@protobufjs/float": {
      "version": "1.0.2",
      "resolved": "https://registry.npmjs.org/@protobufjs/float/-/float-1.0.2.tgz",
      "integrity": "sha1-Xp4avctz/Ap8uLKR33jIy9l7h9E=",
      "dev": true
    },
    "@protobufjs/inquire": {
      "version": "1.1.2",
      "resolved": "https://registry.npmjs.org/@protobufjs/inquire/-/inquire-1.1.2.tgz",
      "integrity": "sha512-pa0vFRuws4wkvaXKK1uXZMAwAX4/t8ANaJo45iw/oQHNQ9q5xUzwgFmVJGXiga2BeN+zpX7Vf9vmsiIa2J+MUw==",
      "dev": true
    },
    "@protobufjs/path": {
      "version": "1.1.2",
      "resolved": "https://registry.npmjs.org/@protobufjs/path/-/path-1.1.2.tgz",
      "integrity": "sha1-bMKyDFya1q0NzP0hynZz2Nf79o0=",
      "dev": true
    },
    "@protobufjs/pool": {
      "version": "1.1.0",
      "resolved": "https://registry.npmjs.org/@protobufjs/pool/-/pool-1.1.0.tgz",
      "integrity": "sha1-Cf0V8tbTq/qbZbw2ZQbWrXhG/1Q=",
      "dev": true
    },
    "@protobufjs/utf8": {
      "version": "1.1.1",
      "resolved": "https://registry.npmjs.org/@protobufjs/utf8/-/utf8-1.1.1.tgz",
      "integrity": "sha512-oOAWABowe8EAbMyWKM0tYDKi8Yaox52D+HWZhAIJqQXbqe0xI/GV7FhLWqlEKreMkfDjshR5FKgi3mnle0h6Eg==",
      "dev": true
    },
    "@types/node": {
      "version": "11.11.4",
      "resolved": "https://registry.npmjs.org/@types/node/-/node-11.11.4.tgz",
      "integrity": "sha512-02tIL+QIi/RW4E5xILdoAMjeJ9kYq5t5S2vciUdFPXv/ikFTb0zK8q9vXkg4+WAJuYXGiVT1H28AkD2C+IkXVw==",
      "dev": true
    },
    "long": {
      "version": "5.3.2",
      "resolved": "https://registry.npmjs.org/long/-/long-5.3.2.tgz",
      "integrity": "sha512-mNAgZ1GmyNhD7AuqnTG3/VQ26o760+ZYBPKjPvugO8+nLbYfX6TVpJPseBvopbdY+qpZ/lKUnmEc1LeZYS3QAA==",
      "dev": true
    },
    "protobufjs": {
      "version": "7.5.8",
      "resolved": "https://registry.npmjs.org/protobufjs/-/protobufjs-7.5.8.tgz",
      "integrity": "sha512-dvpCIeLPbXZS/Ete7yLaO7RenOdken2NHKykBXbsaGxZT0UTltcarBciw+A78SRQs9iMAAVpsYA+l8b1hTePIA==",
      "dev": true,
      "requires": {
        "@protobufjs/aspromise": "^1.1.2",
        "@protobufjs/base64": "^1.1.2",
        "@protobufjs/codegen": "^2.0.5",
        "@protobufjs/eventemitter": "^1.1.0",
        "@protobufjs/fetch": "^1.1.0",
        "@protobufjs/float": "^1.0.2",
        "@protobufjs/inquire": "^1.1.1",
        "@protobufjs/path": "^1.1.2",
        "@protobufjs/pool": "^1.1.0",
        "@protobufjs/utf8": "^1.1.1",
        "@types/node": ">=13.7.0",
        "long": "^5.0.0"
      },
      "dependencies": {
        "@types/node": {
          "version": "25.9.2",
          "resolved": "https://registry.npmjs.org/@types/node/-/node-25.9.2.tgz",
          "integrity": "sha512-G05zqtJhcDLb8uslf5EjCxXg9G1KQxiV8OS0R26IC//Eoyitzqe8z37I7cqvnZlrlSfgocQRfSn/AHBZJJFyGw==",
          "dev": true,
          "requires": {
            "undici-types": ">=7.24.0 <7.24.7"
          }
        }
      }
    },
    "typescript": {
      "version": "3.3.4000",
      "resolved": "https://registry.npmjs.org/typescript/-/typescript-3.3.4000.tgz",
      "integrity": "sha512-jjOcCZvpkl2+z7JFn0yBOoLQyLoIkNZAs/fYJkUG6VKy6zLPHJGfQJYFHzibB6GJaF/8QrcECtlQ5cpvRHSMEA==",
      "dev": true
    },
    "undici-types": {
      "version": "7.24.6",
      "resolved": "https://registry.npmjs.org/undici-types/-/undici-types-7.24.6.tgz",
      "integrity": "sha512-WRNW+sJgj5OBN4/0JpHFqtqzhpbnV0GuB+OozA9gCL7a993SmU+1JBZCzLNxYsbMfIeDL+lTsphD5jN5N+n0zg==",
      "dev": true
    }
  }
}
